
Microsoft Visual Studio Solution File, Format Version 12.00
# Visual Studio 14
VisualStudioVersion = 14.0.25420.1
MinimumVisualStudioVersion = 10.0.40219.1
Project("{FAE04EC0-301F-11D3-BF4B-00C04F79EFBC}") = "Shortest path in graph Floyd-Warshall", "Shortest path in graph Floyd-Warshall\Shortest path in graph Floyd-Warshall.csproj", "{AC36C5A3-BD0E-4D61-B0C1-799817483931}"
EndProject
Global
	GlobalSection(SolutionConfigurationPlatforms) = preSolution
		Debug|Any CPU = Debug|Any CPU
		Release|Any CPU = Release|Any CPU
	EndGlobalSection
	GlobalSection(ProjectConfigurationPlatforms) = postSolution
		{AC36C5A3-BD0E-4D61-B0C1-799817483931}.Debug|Any CPU.ActiveCfg = Debug|Any CPU
		{AC36C5A3-BD0E-4D61-B0C1-799817483931}.Debug|Any CPU.Build.0 = Debug|Any CPU
		{AC36C5A3-BD0E-4D61-B0C1-799817483931}.Release|Any CPU.ActiveCfg = Release|Any CPU
		{AC36C5A3-BD0E-4D61-B0C1-799817483931}.Release|Any CPU.Build.0 = Release|Any CPU
	EndGlobalSection
	GlobalSection(SolutionProperties) = preSolution
		HideSolutionNode = FALSE
	EndGlobalSection
EndGlobal
